
Microsoft Visual Studio Solution File, Format Version 12.00
# Visual Studio Version 17
VisualStudioVersion = 17.12.35527.113
MinimumVisualStudioVersion = 10.0.40219.1
Project("{FAE04EC0-301F-11D3-BF4B-00C04F79EFBC}") = "PensionContManageSystem", "PensionContManageSystem\PensionContManageSystem.csproj", "{E0A0B231-8168-42F2-843D-B843F38C20F6}"
EndProject
Project("{FAE04EC0-301F-11D3-BF4B-00C04F79EFBC}") = "PensionContManagementSystem.xUnitTests", "PensionContManagementSystem.xUnitTests\PensionContManagementSystem.xUnitTests.csproj", "{0C2A8F4B-8C85-469E-9649-4431416D3FEC}"
EndProject
Global
	GlobalSection(SolutionConfigurationPlatforms) = preSolution
		Debug|Any CPU = Debug|Any CPU
		Release|Any CPU = Release|Any CPU
	EndGlobalSection
	GlobalSection(ProjectConfigurationPlatforms) = postSolution
		{E0A0B231-8168-42F2-843D-B843F38C20F6}.Debug|Any CPU.ActiveCfg = Debug|Any CPU
		{E0A0B231-8168-42F2-843D-B843F38C20F6}.Debug|Any CPU.Build.0 = Debug|Any CPU
		{E0A0B231-8168-42F2-843D-B843F38C20F6}.Release|Any CPU.ActiveCfg = Release|Any CPU
		{E0A0B231-8168-42F2-843D-B843F38C20F6}.Release|Any CPU.Build.0 = Release|Any CPU
		{0C2A8F4B-8C85-469E-9649-4431416D3FEC}.Debug|Any CPU.ActiveCfg = Debug|Any CPU
		{0C2A8F4B-8C85-469E-9649-4431416D3FEC}.Debug|Any CPU.Build.0 = Debug|Any CPU
		{0C2A8F4B-8C85-469E-9649-4431416D3FEC}.Release|Any CPU.ActiveCfg = Release|Any CPU
		{0C2A8F4B-8C85-469E-9649-4431416D3FEC}.Release|Any CPU.Build.0 = Release|Any CPU
	EndGlobalSection
	GlobalSection(SolutionProperties) = preSolution
		HideSolutionNode = FALSE
	EndGlobalSection
EndGlobal
